// !$*UTF8*$!
{
	archiveVersion = 1;
	classes = {
	};
	objectVersion = 51;
	objects = {

/* Begin PBXBuildFile section */
		5871FB5B2690338700CE8317 /* AppDelegate.swift in Sources */ = {isa = PBXBuildFile; fileRef = 5871FB5A2690338700CE8317 /* AppDelegate.swift */; };
		5871FB5D2690338700CE8317 /* SceneDelegate.swift in Sources */ = {isa = PBXBuildFile; fileRef = 5871FB5C2690338700CE8317 /* SceneDelegate.swift */; };
		5871FB5F2690338700CE8317 /* ViewController.swift in Sources */ = {isa = PBXBuildFile; fileRef = 5871FB5E2690338700CE8317 /* ViewController.swift */; };
		5871FB622690338700CE8317 /* Main.storyboard in Resources */ = {isa = PBXBuildFile; fileRef = 5871FB602690338700CE8317 /* Main.storyboard */; };
		5871FB642690338A00CE8317 /* Assets.xcassets in Resources */ = {isa = PBXBuildFile; fileRef = 5871FB632690338A00CE8317 /* Assets.xcassets */; };
		5871FB672690338A00CE8317 /* LaunchScreen.storyboard in Resources */ = {isa = PBXBuildFile; fileRef = 5871FB652690338A00CE8317 /* LaunchScreen.storyboard */; };
		5871FB7026904A2500CE8317 /* CourseAPIModel.swift in Sources */ = {isa = PBXBuildFile; fileRef = 5871FB6F26904A2400CE8317 /* CourseAPIModel.swift */; };
		5871FB722690626B00CE8317 /* Date+Extension.swift in Sources */ = {isa = PBXBuildFile; fileRef = 5871FB712690626B00CE8317 /* Date+Extension.swift */; };
		5871FB772690664A00CE8317 /* Localizable.strings in Resources */ = {isa = PBXBuildFile; fileRef = 5871FB792690664A00CE8317 /* Localizable.strings */; };
		5871FB822690A7F900CE8317 /* CalendarTests.swift in Sources */ = {isa = PBXBuildFile; fileRef = 5871FB812690A7F900CE8317 /* CalendarTests.swift */; };
		5871FB8B2690C2E400CE8317 /* CalendarDateCell.swift in Sources */ = {isa = PBXBuildFile; fileRef = 5871FB8A2690C2E300CE8317 /* CalendarDateCell.swift */; };
		5871FB8D2690C35900CE8317 /* JTAppleCalendar+Extension.swift in Sources */ = {isa = PBXBuildFile; fileRef = 5871FB8C2690C35900CE8317 /* JTAppleCalendar+Extension.swift */; };
		5871FB902690C3B200CE8317 /* UIStackView+Extension.swift in Sources */ = {isa = PBXBuildFile; fileRef = 5871FB8F2690C3B200CE8317 /* UIStackView+Extension.swift */; };
		5871FB922690C3FF00CE8317 /* CalendarDateHeader.swift in Sources */ = {isa = PBXBuildFile; fileRef = 5871FB912690C3FF00CE8317 /* CalendarDateHeader.swift */; };
		5871FB94269161FF00CE8317 /* NetworkManager.swift in Sources */ = {isa = PBXBuildFile; fileRef = 5871FB93269161FF00CE8317 /* NetworkManager.swift */; };
		5E6D8D0CA4C37C4724BA485D /* Pods_Calendar.framework in Frameworks */ = {isa = PBXBuildFile; fileRef = DF9390DFA36018E9B14A54FA /* Pods_Calendar.framework */; };
/* End PBXBuildFile section */

/* Begin PBXContainerItemProxy section */
		5871FB842690A7F900CE8317 /* PBXContainerItemProxy */ = {
			isa = PBXContainerItemProxy;
			containerPortal = 5871FB4F2690338700CE8317 /* Project object */;
			proxyType = 1;
			remoteGlobalIDString = 5871FB562690338700CE8317;
			remoteInfo = Calendar;
		};
/* End PBXContainerItemProxy section */

/* Begin PBXFileReference section */
		5871FB572690338700CE8317 /* Calendar.app */ = {isa = PBXFileReference; explicitFileType = wrapper.application; includeInIndex = 0; path = Calendar.app; sourceTree = BUILT_PRODUCTS_DIR; };
		5871FB5A2690338700CE8317 /* AppDelegate.swift */ = {isa = PBXFileReference; lastKnownFileType = sourcecode.swift; path = AppDelegate.swift; sourceTree = "<group>"; };
		5871FB5C2690338700CE8317 /* SceneDelegate.swift */ = {isa = PBXFileReference; lastKnownFileType = sourcecode.swift; path = SceneDelegate.swift; sourceTree = "<group>"; };
		5871FB5E2690338700CE8317 /* ViewController.swift */ = {isa = PBXFileReference; lastKnownFileType = sourcecode.swift; path = ViewController.swift; sourceTree = "<group>"; };
		5871FB612690338700CE8317 /* Base */ = {isa = PBXFileReference; lastKnownFileType = file.storyboard; name = Base; path = Base.lproj/Main.storyboard; sourceTree = "<group>"; };
		5871FB632690338A00CE8317 /* Assets.xcassets */ = {isa = PBXFileReference; lastKnownFileType = folder.assetcatalog; path = Assets.xcassets; sourceTree = "<group>"; };
		5871FB662690338A00CE8317 /* Base */ = {isa = PBXFileReference; lastKnownFileType = file.storyboard; name = Base; path = Base.lproj/LaunchScreen.storyboard; sourceTree = "<group>"; };
		5871FB682690338A00CE8317 /* Info.plist */ = {isa = PBXFileReference; lastKnownFileType = text.plist.xml; path = Info.plist; sourceTree = "<group>"; };
		5871FB6F26904A2400CE8317 /* CourseAPIModel.swift */ = {isa = PBXFileReference; lastKnownFileType = sourcecode.swift; path = CourseAPIModel.swift; sourceTree = "<group>"; };
		5871FB712690626B00CE8317 /* Date+Extension.swift */ = {isa = PBXFileReference; fileEncoding = 4; lastKnownFileType = sourcecode.swift; path = "Date+Extension.swift"; sourceTree = "<group>"; };
		5871FB782690664A00CE8317 /* en */ = {isa = PBXFileReference; lastKnownFileType = text.plist.strings; name = en; path = en.lproj/Localizable.strings; sourceTree = "<group>"; };
		5871FB7A2690664E00CE8317 /* zh-Hant */ = {isa = PBXFileReference; lastKnownFileType = text.plist.strings; name = "zh-Hant"; path = "zh-Hant.lproj/Localizable.strings"; sourceTree = "<group>"; };
		5871FB7F2690A7F900CE8317 /* CalendarTests.xctest */ = {isa = PBXFileReference; explicitFileType = wrapper.cfbundle; includeInIndex = 0; path = CalendarTests.xctest; sourceTree = BUILT_PRODUCTS_DIR; };
		5871FB812690A7F900CE8317 /* CalendarTests.swift */ = {isa = PBXFileReference; lastKnownFileType = sourcecode.swift; path = CalendarTests.swift; sourceTree = "<group>"; };
		5871FB832690A7F900CE8317 /* Info.plist */ = {isa = PBXFileReference; lastKnownFileType = text.plist.xml; path = Info.plist; sourceTree = "<group>"; };
		5871FB8A2690C2E300CE8317 /* CalendarDateCell.swift */ = {isa = PBXFileReference; lastKnownFileType = sourcecode.swift; path = CalendarDateCell.swift; sourceTree = "<group>"; };
		5871FB8C2690C35900CE8317 /* JTAppleCalendar+Extension.swift */ = {isa = PBXFileReference; lastKnownFileType = sourcecode.swift; path = "JTAppleCalendar+Extension.swift"; sourceTree = "<group>"; };
		5871FB8F2690C3B200CE8317 /* UIStackView+Extension.swift */ = {isa = PBXFileReference; lastKnownFileType = sourcecode.swift; path = "UIStackView+Extension.swift"; sourceTree = "<group>"; };
		5871FB912690C3FF00CE8317 /* CalendarDateHeader.swift */ = {isa = PBXFileReference; lastKnownFileType = sourcecode.swift; path = CalendarDateHeader.swift; sourceTree = "<group>"; };
		5871FB93269161FF00CE8317 /* NetworkManager.swift */ = {isa = PBXFileReference; lastKnownFileType = sourcecode.swift; path = NetworkManager.swift; sourceTree = "<group>"; };
		8FB34ACD5A40B668FA676ABF /* Pods-Calendar.release.xcconfig */ = {isa = PBXFileReference; includeInIndex = 1; lastKnownFileType = text.xcconfig; name = "Pods-Calendar.release.xcconfig"; path = "Target Support Files/Pods-Calendar/Pods-Calendar.release.xcconfig"; sourceTree = "<group>"; };
		BCA799B9C44C0AB132DBD0D0 /* Pods-Calendar.debug.xcconfig */ = {isa = PBXFileReference; includeInIndex = 1; lastKnownFileType = text.xcconfig; name = "Pods-Calendar.debug.xcconfig"; path = "Target Support Files/Pods-Calendar/Pods-Calendar.debug.xcconfig"; sourceTree = "<group>"; };
		DF9390DFA36018E9B14A54FA /* Pods_Calendar.framework */ = {isa = PBXFileReference; explicitFileType = wrapper.framework; includeInIndex = 0; path = Pods_Calendar.framework; sourceTree = BUILT_PRODUCTS_DIR; };
/* End PBXFileReference section */

/* Begin PBXFrameworksBuildPhase section */
		5871FB542690338700CE8317 /* Frameworks */ = {
			isa = PBXFrameworksBuildPhase;
			buildActionMask = 2147483647;
			files = (
				5E6D8D0CA4C37C4724BA485D /* Pods_Calendar.framework in Frameworks */,
			);
			runOnlyForDeploymentPostprocessing = 0;
		};
		5871FB7C2690A7F900CE8317 /* Frameworks */ = {
			isa = PBXFrameworksBuildPhase;
			buildActionMask = 2147483647;
			files = (
			);
			runOnlyForDeploymentPostprocessing = 0;
		};
/* End PBXFrameworksBuildPhase section */

/* Begin PBXGroup section */
		42F19EDDAE9113DB81B0D4F1 /* Frameworks */ = {
			isa = PBXGroup;
			children = (
				DF9390DFA36018E9B14A54FA /* Pods_Calendar.framework */,
			);
			name = Frameworks;
			sourceTree = "<group>";
		};
		5871FB4E2690338700CE8317 = {
			isa = PBXGroup;
			children = (
				5871FB592690338700CE8317 /* Calendar */,
				5871FB802690A7F900CE8317 /* CalendarTests */,
				5871FB582690338700CE8317 /* Products */,
				B5A711B992F524456B5B362F /* Pods */,
				42F19EDDAE9113DB81B0D4F1 /* Frameworks */,
			);
			sourceTree = "<group>";
		};
		5871FB582690338700CE8317 /* Products */ = {
			isa = PBXGroup;
			children = (
				5871FB572690338700CE8317 /* Calendar.app */,
				5871FB7F2690A7F900CE8317 /* CalendarTests.xctest */,
			);
			name = Products;
			sourceTree = "<group>";
		};
		5871FB592690338700CE8317 /* Calendar */ = {
			isa = PBXGroup;
			children = (
				5871FB5A2690338700CE8317 /* AppDelegate.swift */,
				5871FB5C2690338700CE8317 /* SceneDelegate.swift */,
				5871FB5E2690338700CE8317 /* ViewController.swift */,
				5871FB8A2690C2E300CE8317 /* CalendarDateCell.swift */,
				5871FB912690C3FF00CE8317 /* CalendarDateHeader.swift */,
				5871FB6F26904A2400CE8317 /* CourseAPIModel.swift */,
				5871FB93269161FF00CE8317 /* NetworkManager.swift */,
				5871FB8E2690C38900CE8317 /* Extension */,
				5871FB602690338700CE8317 /* Main.storyboard */,
				5871FB632690338A00CE8317 /* Assets.xcassets */,
				5871FB652690338A00CE8317 /* LaunchScreen.storyboard */,
				5871FB682690338A00CE8317 /* Info.plist */,
				5871FB792690664A00CE8317 /* Localizable.strings */,
			);
			path = Calendar;
			sourceTree = "<group>";
		};
		5871FB802690A7F900CE8317 /* CalendarTests */ = {
			isa = PBXGroup;
			children = (
				5871FB812690A7F900CE8317 /* CalendarTests.swift */,
				5871FB832690A7F900CE8317 /* Info.plist */,
			);
			path = CalendarTests;
			sourceTree = "<group>";
		};
		5871FB8E2690C38900CE8317 /* Extension */ = {
			isa = PBXGroup;
			children = (
				5871FB712690626B00CE8317 /* Date+Extension.swift */,
				5871FB8C2690C35900CE8317 /* JTAppleCalendar+Extension.swift */,
				5871FB8F2690C3B200CE8317 /* UIStackView+Extension.swift */,
			);
			path = Extension;
			sourceTree = "<group>";
		};
		B5A711B992F524456B5B362F /* Pods */ = {
			isa = PBXGroup;
			children = (
				BCA799B9C44C0AB132DBD0D0 /* Pods-Calendar.debug.xcconfig */,
				8FB34ACD5A40B668FA676ABF /* Pods-Calendar.release.xcconfig */,
			);
			path = Pods;
			sourceTree = "<group>";
		};
/* End PBXGroup section */

/* Begin PBXNativeTarget section */
		5871FB562690338700CE8317 /* Calendar */ = {
			isa = PBXNativeTarget;
			buildConfigurationList = 5871FB6B2690338A00CE8317 /* Build configuration list for PBXNativeTarget "Calendar" */;
			buildPhases = (
				1FB85C181D6CDB77B068950D /* [CP] Check Pods Manifest.lock */,
				5871FB532690338700CE8317 /* Sources */,
				5871FB542690338700CE8317 /* Frameworks */,
				5871FB552690338700CE8317 /* Resources */,
				0BAB6F0EEE45FFAF871B2A76 /* [CP] Embed Pods Frameworks */,
				5871FB6E26903EA600CE8317 /* SwiftLint */,
			);
			buildRules = (
			);
			dependencies = (
			);
			name = Calendar;
			productName = Calendar;
			productReference = 5871FB572690338700CE8317 /* Calendar.app */;
			productType = "com.apple.product-type.application";
		};
		5871FB7E2690A7F900CE8317 /* CalendarTests */ = {
			isa = PBXNativeTarget;
			buildConfigurationList = 5871FB862690A7F900CE8317 /* Build configuration list for PBXNativeTarget "CalendarTests" */;
			buildPhases = (
				5871FB7B2690A7F900CE8317 /* Sources */,
				5871FB7C2690A7F900CE8317 /* Frameworks */,
				5871FB7D2690A7F900CE8317 /* Resources */,
			);
			buildRules = (
			);
			dependencies = (
				5871FB852690A7F900CE8317 /* PBXTargetDependency */,
			);
			name = CalendarTests;
			productName = CalendarTests;
			productReference = 5871FB7F2690A7F900CE8317 /* CalendarTests.xctest */;
			productType = "com.apple.product-type.bundle.unit-test";
		};
/* End PBXNativeTarget section */

/* Begin PBXProject section */
		5871FB4F2690338700CE8317 /* Project object */ = {
			isa = PBXProject;
			attributes = {
				LastSwiftUpdateCheck = 1250;
				LastUpgradeCheck = 1250;
				TargetAttributes = {
					5871FB562690338700CE8317 = {
						CreatedOnToolsVersion = 12.5;
					};
					5871FB7E2690A7F900CE8317 = {
						CreatedOnToolsVersion = 12.5;
						TestTargetID = 5871FB562690338700CE8317;
					};
				};
			};
			buildConfigurationList = 5871FB522690338700CE8317 /* Build configuration list for PBXProject "Calendar" */;
			compatibilityVersion = "Xcode 9.3";
			developmentRegion = en;
			hasScannedForEncodings = 0;
			knownRegions = (
				en,
				Base,
				"zh-Hant",
			);
			mainGroup = 5871FB4E2690338700CE8317;
			productRefGroup = 5871FB582690338700CE8317 /* Products */;
			projectDirPath = "";
			projectRoot = "";
			targets = (
				5871FB562690338700CE8317 /* Calendar */,
				5871FB7E2690A7F900CE8317 /* CalendarTests */,
			);
		};
/* End PBXProject section */

/* Begin PBXResourcesBuildPhase section */
		5871FB552690338700CE8317 /* Resources */ = {
			isa = PBXResourcesBuildPhase;
			buildActionMask = 2147483647;
			files = (
				5871FB672690338A00CE8317 /* LaunchScreen.storyboard in Resources */,
				5871FB772690664A00CE8317 /* Localizable.strings in Resources */,
				5871FB642690338A00CE8317 /* Assets.xcassets in Resources */,
				5871FB622690338700CE8317 /* Main.storyboard in Resources */,
			);
			runOnlyForDeploymentPostprocessing = 0;
		};
		5871FB7D2690A7F900CE8317 /* Resources */ = {
			isa = PBXResourcesBuildPhase;
			buildActionMask = 2147483647;
			files = (
			);
			runOnlyForDeploymentPostprocessing = 0;
		};
/* End PBXResourcesBuildPhase section */

/* Begin PBXShellScriptBuildPhase section */
		0BAB6F0EEE45FFAF871B2A76 /* [CP] Embed Pods Frameworks */ = {
			isa = PBXShellScriptBuildPhase;
			buildActionMask = 2147483647;
			files = (
			);
			inputFileListPaths = (
				"${PODS_ROOT}/Target Support Files/Pods-Calendar/Pods-Calendar-frameworks-${CONFIGURATION}-input-files.xcfilelist",
			);
			name = "[CP] Embed Pods Frameworks";
			outputFileListPaths = (
				"${PODS_ROOT}/Target Support Files/Pods-Calendar/Pods-Calendar-frameworks-${CONFIGURATION}-output-files.xcfilelist",
			);
			runOnlyForDeploymentPostprocessing = 0;
			shellPath = /bin/sh;
			shellScript = "\"${PODS_ROOT}/Target Support Files/Pods-Calendar/Pods-Calendar-frameworks.sh\"\n";
			showEnvVarsInLog = 0;
		};
		1FB85C181D6CDB77B068950D /* [CP] Check Pods Manifest.lock */ = {
			isa = PBXShellScriptBuildPhase;
			buildActionMask = 2147483647;
			files = (
			);
			inputFileListPaths = (
			);
			inputPaths = (
				"${PODS_PODFILE_DIR_PATH}/Podfile.lock",
				"${PODS_ROOT}/Manifest.lock",
			);
			name = "[CP] Check Pods Manifest.lock";
			outputFileListPaths = (
			);
			outputPaths = (
				"$(DERIVED_FILE_DIR)/Pods-Calendar-checkManifestLockResult.txt",
			);
			runOnlyForDeploymentPostprocessing = 0;
			shellPath = /bin/sh;
			shellScript = "diff \"${PODS_PODFILE_DIR_PATH}/Podfile.lock\" \"${PODS_ROOT}/Manifest.lock\" > /dev/null\nif [ $? != 0 ] ; then\n    # print error to STDERR\n    echo \"error: The sandbox is not in sync with the Podfile.lock. Run 'pod install' or update your CocoaPods installation.\" >&2\n    exit 1\nfi\n# This output is used by Xcode 'outputs' to avoid re-running this script phase.\necho \"SUCCESS\" > \"${SCRIPT_OUTPUT_FILE_0}\"\n";
			showEnvVarsInLog = 0;
		};
		5871FB6E26903EA600CE8317 /* SwiftLint */ = {
			isa = PBXShellScriptBuildPhase;
			buildActionMask = 2147483647;
			files = (
			);
			inputFileListPaths = (
			);
			inputPaths = (
			);
			name = SwiftLint;
			outputFileListPaths = (
			);
			outputPaths = (
			);
			runOnlyForDeploymentPostprocessing = 0;
			shellPath = /bin/sh;
			shellScript = "\"${PODS_ROOT}/SwiftLint/swiftlint\"\n";
		};
/* End PBXShellScriptBuildPhase section */

/* Begin PBXSourcesBuildPhase section */
		5871FB532690338700CE8317 /* Sources */ = {
			isa = PBXSourcesBuildPhase;
			buildActionMask = 2147483647;
			files = (
				5871FB722690626B00CE8317 /* Date+Extension.swift in Sources */,
				5871FB8B2690C2E400CE8317 /* CalendarDateCell.swift in Sources */,
				5871FB94269161FF00CE8317 /* NetworkManager.swift in Sources */,
				5871FB5F2690338700CE8317 /* ViewController.swift in Sources */,
				5871FB5B2690338700CE8317 /* AppDelegate.swift in Sources */,
				5871FB8D2690C35900CE8317 /* JTAppleCalendar+Extension.swift in Sources */,
				5871FB902690C3B200CE8317 /* UIStackView+Extension.swift in Sources */,
				5871FB922690C3FF00CE8317 /* CalendarDateHeader.swift in Sources */,
				5871FB7026904A2500CE8317 /* CourseAPIModel.swift in Sources */,
				5871FB5D2690338700CE8317 /* SceneDelegate.swift in Sources */,
			);
			runOnlyForDeploymentPostprocessing = 0;
		};
		5871FB7B2690A7F900CE8317 /* Sources */ = {
			isa = PBXSourcesBuildPhase;
			buildActionMask = 2147483647;
			files = (
				5871FB822690A7F900CE8317 /* CalendarTests.swift in Sources */,
			);
			runOnlyForDeploymentPostprocessing = 0;
		};
/* End PBXSourcesBuildPhase section */

/* Begin PBXTargetDependency section */
		5871FB852690A7F900CE8317 /* PBXTargetDependency */ = {
			isa = PBXTargetDependency;
			target = 5871FB562690338700CE8317 /* Calendar */;
			targetProxy = 5871FB842690A7F900CE8317 /* PBXContainerItemProxy */;
		};
/* End PBXTargetDependency section */

/* Begin PBXVariantGroup section */
		5871FB602690338700CE8317 /* Main.storyboard */ = {
			isa = PBXVariantGroup;
			children = (
				5871FB612690338700CE8317 /* Base */,
			);
			name = Main.storyboard;
			sourceTree = "<group>";
		};
		5871FB652690338A00CE8317 /* LaunchScreen.storyboard */ = {
			isa = PBXVariantGroup;
			children = (
				5871FB662690338A00CE8317 /* Base */,
			);
			name = LaunchScreen.storyboard;
			sourceTree = "<group>";
		};
		5871FB792690664A00CE8317 /* Localizable.strings */ = {
			isa = PBXVariantGroup;
			children = (
				5871FB782690664A00CE8317 /* en */,
				5871FB7A2690664E00CE8317 /* zh-Hant */,
			);
			name = Localizable.strings;
			sourceTree = "<group>";
		};
/* End PBXVariantGroup section */

/* Begin XCBuildConfiguration section */
		5871FB692690338A00CE8317 /* Debug */ = {
			isa = XCBuildConfiguration;
			buildSettings = {
				ALWAYS_SEARCH_USER_PATHS = NO;
				CLANG_ANALYZER_LOCALIZABILITY_NONLOCALIZED = YES;
				CLANG_ANALYZER_NONNULL = YES;
				CLANG_ANALYZER_NUMBER_OBJECT_CONVERSION = YES_AGGRESSIVE;
				CLANG_CXX_LANGUAGE_STANDARD = "gnu++14";
				CLANG_CXX_LIBRARY = "libc++";
				CLANG_ENABLE_MODULES = YES;
				CLANG_ENABLE_OBJC_ARC = YES;
				CLANG_ENABLE_OBJC_WEAK = YES;
				CLANG_WARN_BLOCK_CAPTURE_AUTORELEASING = YES;
				CLANG_WARN_BOOL_CONVERSION = YES;
				CLANG_WARN_COMMA = YES;
				CLANG_WARN_CONSTANT_CONVERSION = YES;
				CLANG_WARN_DEPRECATED_OBJC_IMPLEMENTATIONS = YES;
				CLANG_WARN_DIRECT_OBJC_ISA_USAGE = YES_ERROR;
				CLANG_WARN_DOCUMENTATION_COMMENTS = YES;
				CLANG_WARN_EMPTY_BODY = YES;
				CLANG_WARN_ENUM_CONVERSION = YES;
				CLANG_WARN_INFINITE_RECURSION = YES;
				CLANG_WARN_INT_CONVERSION = YES;
				CLANG_WARN_NON_LITERAL_NULL_CONVERSION = YES;
				CLANG_WARN_OBJC_IMPLICIT_RETAIN_SELF = YES;
				CLANG_WARN_OBJC_LITERAL_CONVERSION = YES;
				CLANG_WARN_OBJC_ROOT_CLASS = YES_ERROR;
				CLANG_WARN_QUOTED_INCLUDE_IN_FRAMEWORK_HEADER = YES;
				CLANG_WARN_RANGE_LOOP_ANALYSIS = YES;
				CLANG_WARN_STRICT_PROTOTYPES = YES;
				CLANG_WARN_SUSPICIOUS_MOVE = YES;
				CLANG_WARN_UNGUARDED_AVAILABILITY = YES_AGGRESSIVE;
				CLANG_WARN_UNREACHABLE_CODE = YES;
				CLANG_WARN__DUPLICATE_METHOD_MATCH = YES;
				COPY_PHASE_STRIP = NO;
				DEBUG_INFORMATION_FORMAT = dwarf;
				ENABLE_STRICT_OBJC_MSGSEND = YES;
				ENABLE_TESTABILITY = YES;
				GCC_C_LANGUAGE_STANDARD = gnu11;
				GCC_DYNAMIC_NO_PIC = NO;
				GCC_NO_COMMON_BLOCKS = YES;
				GCC_OPTIMIZATION_LEVEL = 0;
				GCC_PREPROCESSOR_DEFINITIONS = (
					"DEBUG=1",
					"$(inherited)",
				);
				GCC_WARN_64_TO_32_BIT_CONVERSION = YES;
				GCC_WARN_ABOUT_RETURN_TYPE = YES_ERROR;
				GCC_WARN_UNDECLARED_SELECTOR = YES;
				GCC_WARN_UNINITIALIZED_AUTOS = YES_AGGRESSIVE;
				GCC_WARN_UNUSED_FUNCTION = YES;
				GCC_WARN_UNUSED_VARIABLE = YES;
				IPHONEOS_DEPLOYMENT_TARGET = 14.5;
				MTL_ENABLE_DEBUG_INFO = INCLUDE_SOURCE;
				MTL_FAST_MATH = YES;
				ONLY_ACTIVE_ARCH = YES;
				SDKROOT = iphoneos;
				SWIFT_ACTIVE_COMPILATION_CONDITIONS = DEBUG;
				SWIFT_OPTIMIZATION_LEVEL = "-Onone";
			};
			name = Debug;
		};
		5871FB6A2690338A00CE8317 /* Release */ = {
			isa = XCBuildConfiguration;
			buildSettings = {
				ALWAYS_SEARCH_USER_PATHS = NO;
				CLANG_ANALYZER_LOCALIZABILITY_NONLOCALIZED = YES;
				CLANG_ANALYZER_NONNULL = YES;
				CLANG_ANALYZER_NUMBER_OBJECT_CONVERSION = YES_AGGRESSIVE;
				CLANG_CXX_LANGUAGE_STANDARD = "gnu++14";
				CLANG_CXX_LIBRARY = "libc++";
				CLANG_ENABLE_MODULES = YES;
				CLANG_ENABLE_OBJC_ARC = YES;
				CLANG_ENABLE_OBJC_WEAK = YES;
				CLANG_WARN_BLOCK_CAPTURE_AUTORELEASING = YES;
				CLANG_WARN_BOOL_CONVERSION = YES;
				CLANG_WARN_COMMA = YES;
				CLANG_WARN_CONSTANT_CONVERSION = YES;
				CLANG_WARN_DEPRECATED_OBJC_IMPLEMENTATIONS = YES;
				CLANG_WARN_DIRECT_OBJC_ISA_USAGE = YES_ERROR;
				CLANG_WARN_DOCUMENTATION_COMMENTS = YES;
				CLANG_WARN_EMPTY_BODY = YES;
				CLANG_WARN_ENUM_CONVERSION = YES;
				CLANG_WARN_INFINITE_RECURSION = YES;
				CLANG_WARN_INT_CONVERSION = YES;
				CLANG_WARN_NON_LITERAL_NULL_CONVERSION = YES;
				CLANG_WARN_OBJC_IMPLICIT_RETAIN_SELF = YES;
				CLANG_WARN_OBJC_LITERAL_CONVERSION = YES;
				CLANG_WARN_OBJC_ROOT_CLASS = YES_ERROR;
				CLANG_WARN_QUOTED_INCLUDE_IN_FRAMEWORK_HEADER = YES;
				CLANG_WARN_RANGE_LOOP_ANALYSIS = YES;
				CLANG_WARN_STRICT_PROTOTYPES = YES;
				CLANG_WARN_SUSPICIOUS_MOVE = YES;
				CLANG_WARN_UNGUARDED_AVAILABILITY = YES_AGGRESSIVE;
				CLANG_WARN_UNREACHABLE_CODE = YES;
				CLANG_WARN__DUPLICATE_METHOD_MATCH = YES;
				COPY_PHASE_STRIP = NO;
				DEBUG_INFORMATION_FORMAT = "dwarf-with-dsym";
				ENABLE_NS_ASSERTIONS = NO;
				ENABLE_STRICT_OBJC_MSGSEND = YES;
				GCC_C_LANGUAGE_STANDARD = gnu11;
				GCC_NO_COMMON_BLOCKS = YES;
				GCC_WARN_64_TO_32_BIT_CONVERSION = YES;
				GCC_WARN_ABOUT_RETURN_TYPE = YES_ERROR;
				GCC_WARN_UNDECLARED_SELECTOR = YES;
				GCC_WARN_UNINITIALIZED_AUTOS = YES_AGGRESSIVE;
				GCC_WARN_UNUSED_FUNCTION = YES;
				GCC_WARN_UNUSED_VARIABLE = YES;
				IPHONEOS_DEPLOYMENT_TARGET = 14.5;
				MTL_ENABLE_DEBUG_INFO = NO;
				MTL_FAST_MATH = YES;
				SDKROOT = iphoneos;
				SWIFT_COMPILATION_MODE = wholemodule;
				SWIFT_OPTIMIZATION_LEVEL = "-O";
				VALIDATE_PRODUCT = YES;
			};
			name = Release;
		};
		5871FB6C2690338A00CE8317 /* Debug */ = {
			isa = XCBuildConfiguration;
			baseConfigurationReference = BCA799B9C44C0AB132DBD0D0 /* Pods-Calendar.debug.xcconfig */;
			buildSettings = {
				ASSETCATALOG_COMPILER_APPICON_NAME = AppIcon;
				ASSETCATALOG_COMPILER_GLOBAL_ACCENT_COLOR_NAME = AccentColor;
				CODE_SIGN_IDENTITY = "iPhone Developer";
				CODE_SIGN_STYLE = Manual;
				DEVELOPMENT_TEAM = 3JV32ZE9SY;
				INFOPLIST_FILE = Calendar/Info.plist;
				LD_RUNPATH_SEARCH_PATHS = (
					"$(inherited)",
					"@executable_path/Frameworks",
				);
				PRODUCT_BUNDLE_IDENTIFIER = com.test.Calendar;
				PRODUCT_NAME = "$(TARGET_NAME)";
				PROVISIONING_PROFILE_SPECIFIER = teamgaolConfig;
				SWIFT_VERSION = 5.0;
				TARGETED_DEVICE_FAMILY = "1,2";
			};
			name = Debug;
		};
		5871FB6D2690338A00CE8317 /* Release */ = {
			isa = XCBuildConfiguration;
			baseConfigurationReference = 8FB34ACD5A40B668FA676ABF /* Pods-Calendar.release.xcconfig */;
			buildSettings = {
				ASSETCATALOG_COMPILER_APPICON_NAME = AppIcon;
				ASSETCATALOG_COMPILER_GLOBAL_ACCENT_COLOR_NAME = AccentColor;
				CODE_SIGN_IDENTITY = "iPhone Developer";
				CODE_SIGN_STYLE = Manual;
				DEVELOPMENT_TEAM = 3JV32ZE9SY;
				INFOPLIST_FILE = Calendar/Info.plist;
				LD_RUNPATH_SEARCH_PATHS = (
					"$(inherited)",
					"@executable_path/Frameworks",
				);
				PRODUCT_BUNDLE_IDENTIFIER = com.test.Calendar;
				PRODUCT_NAME = "$(TARGET_NAME)";
				PROVISIONING_PROFILE_SPECIFIER = teamgaolConfig;
				SWIFT_VERSION = 5.0;
				TARGETED_DEVICE_FAMILY = "1,2";
			};
			name = Release;
		};
		5871FB872690A7F900CE8317 /* Debug */ = {
			isa = XCBuildConfiguration;
			buildSettings = {
				BUNDLE_LOADER = "$(TEST_HOST)";
				CODE_SIGN_IDENTITY = "Apple Development";
				"CODE_SIGN_IDENTITY[sdk=macosx*]" = "Apple Development";
				CODE_SIGN_STYLE = Automatic;
				DEVELOPMENT_TEAM = 3JV32ZE9SY;
				INFOPLIST_FILE = CalendarTests/Info.plist;
				LD_RUNPATH_SEARCH_PATHS = (
					"$(inherited)",
					"@executable_path/Frameworks",
					"@loader_path/Frameworks",
				);
				PRODUCT_BUNDLE_IDENTIFIER = com.test.CalendarTests;
				PRODUCT_NAME = "$(TARGET_NAME)";
				PROVISIONING_PROFILE_SPECIFIER = "";
				"PROVISIONING_PROFILE_SPECIFIER[sdk=macosx*]" = "";
				SWIFT_VERSION = 5.0;
				TARGETED_DEVICE_FAMILY = "1,2";
				TEST_HOST = "$(BUILT_PRODUCTS_DIR)/Calendar.app/Calendar";
			};
			name = Debug;
		};
		5871FB882690A7F900CE8317 /* Release */ = {
			isa = XCBuildConfiguration;
			buildSettings = {
				BUNDLE_LOADER = "$(TEST_HOST)";
				CODE_SIGN_IDENTITY = "Apple Development";
				"CODE_SIGN_IDENTITY[sdk=macosx*]" = "Apple Development";
				CODE_SIGN_STYLE = Automatic;
				DEVELOPMENT_TEAM = 3JV32ZE9SY;
				INFOPLIST_FILE = CalendarTests/Info.plist;
				LD_RUNPATH_SEARCH_PATHS = (
					"$(inherited)",
					"@executable_path/Frameworks",
					"@loader_path/Frameworks",
				);
				PRODUCT_BUNDLE_IDENTIFIER = com.test.CalendarTests;
				PRODUCT_NAME = "$(TARGET_NAME)";
				PROVISIONING_PROFILE_SPECIFIER = "";
				"PROVISIONING_PROFILE_SPECIFIER[sdk=macosx*]" = "";
				SWIFT_VERSION = 5.0;
				TARGETED_DEVICE_FAMILY = "1,2";
				TEST_HOST = "$(BUILT_PRODUCTS_DIR)/Calendar.app/Calendar";
			};
			name = Release;
		};
/* End XCBuildConfiguration section */

/* Begin XCConfigurationList section */
		5871FB522690338700CE8317 /* Build configuration list for PBXProject "Calendar" */ = {
			isa = XCConfigurationList;
			buildConfigurations = (
				5871FB692690338A00CE8317 /* Debug */,
				5871FB6A2690338A00CE8317 /* Release */,
			);
			defaultConfigurationIsVisible = 0;
			defaultConfigurationName = Release;
		};
		5871FB6B2690338A00CE8317 /* Build configuration list for PBXNativeTarget "Calendar" */ = {
			isa = XCConfigurationList;
			buildConfigurations = (
				5871FB6C2690338A00CE8317 /* Debug */,
				5871FB6D2690338A00CE8317 /* Release */,
			);
			defaultConfigurationIsVisible = 0;
			defaultConfigurationName = Release;
		};
		5871FB862690A7F900CE8317 /* Build configuration list for PBXNativeTarget "CalendarTests" */ = {
			isa = XCConfigurationList;
			buildConfigurations = (
				5871FB872690A7F900CE8317 /* Debug */,
				5871FB882690A7F900CE8317 /* Release */,
			);
			defaultConfigurationIsVisible = 0;
			defaultConfigurationName = Release;
		};
/* End XCConfigurationList section */
	};
	rootObject = 5871FB4F2690338700CE8317 /* Project object */;
}
